
Microsoft Visual Studio Solution File, Format Version 12.00
# Visual Studio Version 16
VisualStudioVersion = 16.0.30717.126
MinimumVisualStudioVersion = 10.0.40219.1
Project("{9A19103F-16F7-4668-BE54-9A1E7A4F7556}") = "MyCV", "MyCV.csproj", "{54E96694-FFFB-442E-B362-7342FE8B225C}"
EndProject
Global
	GlobalSection(SolutionConfigurationPlatforms) = preSolution
		Debug|Any CPU = Debug|Any CPU
		Release|Any CPU = Release|Any CPU
	EndGlobalSection
	GlobalSection(ProjectConfigurationPlatforms) = postSolution
		{54E96694-FFFB-442E-B362-7342FE8B225C}.Debug|Any CPU.ActiveCfg = Debug|Any CPU
		{54E96694-FFFB-442E-B362-7342FE8B225C}.Debug|Any CPU.Build.0 = Debug|Any CPU
		{54E96694-FFFB-442E-B362-7342FE8B225C}.Release|Any CPU.ActiveCfg = Release|Any CPU
		{54E96694-FFFB-442E-B362-7342FE8B225C}.Release|Any CPU.Build.0 = Release|Any CPU
	EndGlobalSection
	GlobalSection(SolutionProperties) = preSolution
		HideSolutionNode = FALSE
	EndGlobalSection
	GlobalSection(ExtensibilityGlobals) = postSolution
		SolutionGuid = {B8F20B91-2D62-41F1-9FF2-7F1CF4916A4C}
	EndGlobalSection
EndGlobal
